
Microsoft Visual Studio Solution File, Format Version 12.00
# Visual Studio Version 16
VisualStudioVersion = 16.0.28803.202
MinimumVisualStudioVersion = 10.0.40219.1
Project("{2150E333-8FDC-42A3-9474-1A3956D46DE8}") = "Presentation", "Presentation", "{39F9BCD6-8F3C-43D4-8D8C-6D8CA6C2D54E}"
EndProject
Project("{2150E333-8FDC-42A3-9474-1A3956D46DE8}") = "Core", "Core", "{F77E8459-0CAE-435F-87EC-5336E3541206}"
EndProject
Project("{2150E333-8FDC-42A3-9474-1A3956D46DE8}") = "Infrastructure", "Infrastructure", "{E3EDFEBD-22E2-4448-B715-14D6FB15B619}"
EndProject
Project("{2150E333-8FDC-42A3-9474-1A3956D46DE8}") = "Repository", "Repository", "{BB7A84E4-0E0F-4FF6-9C3A-AA26D5D123CB}"
EndProject
Project("{9A19103F-16F7-4668-BE54-9A1E7A4F7556}") = "AngularSPA", "Presentation\AngularSPA\AngularSPA.csproj", "{F0897645-974B-4005-A7B0-337D3686B9AA}"
EndProject
Project("{9A19103F-16F7-4668-BE54-9A1E7A4F7556}") = "BindingModel", "Presentation\BindingModel\BindingModel.csproj", "{40CCC7B2-006B-4ECE-99F5-B92E5BCCC767}"
EndProject
Project("{9A19103F-16F7-4668-BE54-9A1E7A4F7556}") = "WebApi", "Presentation\WebApi\WebApi.csproj", "{44D225E9-7643-43A1-91B1-487BA5C4CE83}"
EndProject
Project("{2150E333-8FDC-42A3-9474-1A3956D46DE8}") = "Solution Items", "Solution Items", "{1976D9E2-CF35-4DFE-A4BE-F3AF8F472AD6}"
	ProjectSection(SolutionItems) = preProject
		Settings.StyleCop = Settings.StyleCop
	EndProjectSection
EndProject
Project("{FAE04EC0-301F-11D3-BF4B-00C04F79EFBC}") = "Domain", "Core\Domain\Domain.csproj", "{7EF2B6E6-30B9-43A0-8EC2-003C8659703B}"
EndProject
Project("{2150E333-8FDC-42A3-9474-1A3956D46DE8}") = "Service", "Service", "{3648902A-4573-43EC-809E-5D60151FE2F3}"
EndProject
Project("{FAE04EC0-301F-11D3-BF4B-00C04F79EFBC}") = "ServiceInterface", "Core\Service\ServiceInterface\ServiceInterface.csproj", "{F3A2907D-509C-45FB-B94A-F42169B65525}"
EndProject
Project("{FAE04EC0-301F-11D3-BF4B-00C04F79EFBC}") = "ServiceConcrete", "Core\Service\ServiceConcrete\ServiceConcrete.csproj", "{8422A2EA-BCB9-433B-9213-20B3E665A663}"
EndProject
Project("{FAE04EC0-301F-11D3-BF4B-00C04F79EFBC}") = "CrossCutting", "Infrastructure\CrossCutting\CrossCutting.csproj", "{DE932AD7-94BB-4DF5-9DCD-E90C551EBDA2}"
EndProject
Project("{FAE04EC0-301F-11D3-BF4B-00C04F79EFBC}") = "RepositoryInterface", "Repository\RepositoryInterface\RepositoryInterface.csproj", "{73135203-2E13-46B5-BB1F-4255ED67D4A0}"
EndProject
Project("{2150E333-8FDC-42A3-9474-1A3956D46DE8}") = "Database", "Database", "{2F30FA81-5AC9-4D75-AB8D-EB4977901DA8}"
EndProject
Project("{2150E333-8FDC-42A3-9474-1A3956D46DE8}") = "Test", "Test", "{BA37AD54-71F8-4573-9B42-5DF748BA8864}"
EndProject
Global
	GlobalSection(SolutionConfigurationPlatforms) = preSolution
		Debug|Any CPU = Debug|Any CPU
		Release|Any CPU = Release|Any CPU
	EndGlobalSection
	GlobalSection(ProjectConfigurationPlatforms) = postSolution
		{F0897645-974B-4005-A7B0-337D3686B9AA}.Debug|Any CPU.ActiveCfg = Debug|Any CPU
		{F0897645-974B-4005-A7B0-337D3686B9AA}.Debug|Any CPU.Build.0 = Debug|Any CPU
		{F0897645-974B-4005-A7B0-337D3686B9AA}.Release|Any CPU.ActiveCfg = Release|Any CPU
		{F0897645-974B-4005-A7B0-337D3686B9AA}.Release|Any CPU.Build.0 = Release|Any CPU
		{40CCC7B2-006B-4ECE-99F5-B92E5BCCC767}.Debug|Any CPU.ActiveCfg = Debug|Any CPU
		{40CCC7B2-006B-4ECE-99F5-B92E5BCCC767}.Debug|Any CPU.Build.0 = Debug|Any CPU
		{40CCC7B2-006B-4ECE-99F5-B92E5BCCC767}.Release|Any CPU.ActiveCfg = Release|Any CPU
		{40CCC7B2-006B-4ECE-99F5-B92E5BCCC767}.Release|Any CPU.Build.0 = Release|Any CPU
		{44D225E9-7643-43A1-91B1-487BA5C4CE83}.Debug|Any CPU.ActiveCfg = Debug|Any CPU
		{44D225E9-7643-43A1-91B1-487BA5C4CE83}.Debug|Any CPU.Build.0 = Debug|Any CPU
		{44D225E9-7643-43A1-91B1-487BA5C4CE83}.Release|Any CPU.ActiveCfg = Release|Any CPU
		{44D225E9-7643-43A1-91B1-487BA5C4CE83}.Release|Any CPU.Build.0 = Release|Any CPU
		{7EF2B6E6-30B9-43A0-8EC2-003C8659703B}.Debug|Any CPU.ActiveCfg = Debug|Any CPU
		{7EF2B6E6-30B9-43A0-8EC2-003C8659703B}.Debug|Any CPU.Build.0 = Debug|Any CPU
		{7EF2B6E6-30B9-43A0-8EC2-003C8659703B}.Release|Any CPU.ActiveCfg = Release|Any CPU
		{7EF2B6E6-30B9-43A0-8EC2-003C8659703B}.Release|Any CPU.Build.0 = Release|Any CPU
		{F3A2907D-509C-45FB-B94A-F42169B65525}.Debug|Any CPU.ActiveCfg = Debug|Any CPU
		{F3A2907D-509C-45FB-B94A-F42169B65525}.Debug|Any CPU.Build.0 = Debug|Any CPU
		{F3A2907D-509C-45FB-B94A-F42169B65525}.Release|Any CPU.ActiveCfg = Release|Any CPU
		{F3A2907D-509C-45FB-B94A-F42169B65525}.Release|Any CPU.Build.0 = Release|Any CPU
		{8422A2EA-BCB9-433B-9213-20B3E665A663}.Debug|Any CPU.ActiveCfg = Debug|Any CPU
		{8422A2EA-BCB9-433B-9213-20B3E665A663}.Debug|Any CPU.Build.0 = Debug|Any CPU
		{8422A2EA-BCB9-433B-9213-20B3E665A663}.Release|Any CPU.ActiveCfg = Release|Any CPU
		{8422A2EA-BCB9-433B-9213-20B3E665A663}.Release|Any CPU.Build.0 = Release|Any CPU
		{DE932AD7-94BB-4DF5-9DCD-E90C551EBDA2}.Debug|Any CPU.ActiveCfg = Debug|Any CPU
		{DE932AD7-94BB-4DF5-9DCD-E90C551EBDA2}.Debug|Any CPU.Build.0 = Debug|Any CPU
		{DE932AD7-94BB-4DF5-9DCD-E90C551EBDA2}.Release|Any CPU.ActiveCfg = Release|Any CPU
		{DE932AD7-94BB-4DF5-9DCD-E90C551EBDA2}.Release|Any CPU.Build.0 = Release|Any CPU
		{73135203-2E13-46B5-BB1F-4255ED67D4A0}.Debug|Any CPU.ActiveCfg = Debug|Any CPU
		{73135203-2E13-46B5-BB1F-4255ED67D4A0}.Debug|Any CPU.Build.0 = Debug|Any CPU
		{73135203-2E13-46B5-BB1F-4255ED67D4A0}.Release|Any CPU.ActiveCfg = Release|Any CPU
		{73135203-2E13-46B5-BB1F-4255ED67D4A0}.Release|Any CPU.Build.0 = Release|Any CPU
	EndGlobalSection
	GlobalSection(SolutionProperties) = preSolution
		HideSolutionNode = FALSE
	EndGlobalSection
	GlobalSection(NestedProjects) = preSolution
		{F0897645-974B-4005-A7B0-337D3686B9AA} = {39F9BCD6-8F3C-43D4-8D8C-6D8CA6C2D54E}
		{40CCC7B2-006B-4ECE-99F5-B92E5BCCC767} = {39F9BCD6-8F3C-43D4-8D8C-6D8CA6C2D54E}
		{44D225E9-7643-43A1-91B1-487BA5C4CE83} = {39F9BCD6-8F3C-43D4-8D8C-6D8CA6C2D54E}
		{7EF2B6E6-30B9-43A0-8EC2-003C8659703B} = {F77E8459-0CAE-435F-87EC-5336E3541206}
		{3648902A-4573-43EC-809E-5D60151FE2F3} = {F77E8459-0CAE-435F-87EC-5336E3541206}
		{F3A2907D-509C-45FB-B94A-F42169B65525} = {3648902A-4573-43EC-809E-5D60151FE2F3}
		{8422A2EA-BCB9-433B-9213-20B3E665A663} = {3648902A-4573-43EC-809E-5D60151FE2F3}
		{DE932AD7-94BB-4DF5-9DCD-E90C551EBDA2} = {E3EDFEBD-22E2-4448-B715-14D6FB15B619}
		{73135203-2E13-46B5-BB1F-4255ED67D4A0} = {BB7A84E4-0E0F-4FF6-9C3A-AA26D5D123CB}
	EndGlobalSection
	GlobalSection(ExtensibilityGlobals) = postSolution
		SolutionGuid = {530F9BBA-11E9-4375-B780-C792373D6244}
	EndGlobalSection
EndGlobal
