
Microsoft Visual Studio Solution File, Format Version 12.00
# Visual Studio 15
VisualStudioVersion = 15.0.28307.572
MinimumVisualStudioVersion = 10.0.40219.1
Project("{2150E333-8FDC-42A3-9474-1A3956D46DE8}") = "Presentation", "Presentation", "{39F9BCD6-8F3C-43D4-8D8C-6D8CA6C2D54E}"
EndProject
Project("{2150E333-8FDC-42A3-9474-1A3956D46DE8}") = "Core", "Core", "{F77E8459-0CAE-435F-87EC-5336E3541206}"
EndProject
Project("{2150E333-8FDC-42A3-9474-1A3956D46DE8}") = "Infrastructure", "Infrastructure", "{E3EDFEBD-22E2-4448-B715-14D6FB15B619}"
EndProject
Project("{2150E333-8FDC-42A3-9474-1A3956D46DE8}") = "Repository", "Repository", "{BB7A84E4-0E0F-4FF6-9C3A-AA26D5D123CB}"
EndProject
Project("{9A19103F-16F7-4668-BE54-9A1E7A4F7556}") = "AngularSPA", "Presentation\AngularSPA\AngularSPA.csproj", "{F0897645-974B-4005-A7B0-337D3686B9AA}"
EndProject
Project("{9A19103F-16F7-4668-BE54-9A1E7A4F7556}") = "BindingModel", "Presentation\BindingModel\BindingModel.csproj", "{40CCC7B2-006B-4ECE-99F5-B92E5BCCC767}"
EndProject
Project("{2150E333-8FDC-42A3-9474-1A3956D46DE8}") = "Solution Items", "Solution Items", "{1976D9E2-CF35-4DFE-A4BE-F3AF8F472AD6}"
	ProjectSection(SolutionItems) = preProject
		Settings.StyleCop = Settings.StyleCop
	EndProjectSection
EndProject
Project("{9A19103F-16F7-4668-BE54-9A1E7A4F7556}") = "Domain", "Core\Domain\Domain.csproj", "{7EF2B6E6-30B9-43A0-8EC2-003C8659703B}"
EndProject
Project("{2150E333-8FDC-42A3-9474-1A3956D46DE8}") = "Service", "Service", "{3648902A-4573-43EC-809E-5D60151FE2F3}"
EndProject
Project("{9A19103F-16F7-4668-BE54-9A1E7A4F7556}") = "ServiceInterface", "Core\Service\ServiceInterface\ServiceInterface.csproj", "{F3A2907D-509C-45FB-B94A-F42169B65525}"
EndProject
Project("{9A19103F-16F7-4668-BE54-9A1E7A4F7556}") = "ServiceConcrete", "Core\Service\ServiceConcrete\ServiceConcrete.csproj", "{8422A2EA-BCB9-433B-9213-20B3E665A663}"
EndProject
Project("{9A19103F-16F7-4668-BE54-9A1E7A4F7556}") = "CrossCutting", "Infrastructure\CrossCutting\CrossCutting.csproj", "{DE932AD7-94BB-4DF5-9DCD-E90C551EBDA2}"
EndProject
Project("{9A19103F-16F7-4668-BE54-9A1E7A4F7556}") = "RepositoryInterface", "Repository\RepositoryInterface\RepositoryInterface.csproj", "{73135203-2E13-46B5-BB1F-4255ED67D4A0}"
EndProject
Project("{2150E333-8FDC-42A3-9474-1A3956D46DE8}") = "Database", "Database", "{2F30FA81-5AC9-4D75-AB8D-EB4977901DA8}"
EndProject
Project("{2150E333-8FDC-42A3-9474-1A3956D46DE8}") = "Test", "Test", "{BA37AD54-71F8-4573-9B42-5DF748BA8864}"
EndProject
Project("{9A19103F-16F7-4668-BE54-9A1E7A4F7556}") = "IOC", "Infrastructure\IOC\IOC.csproj", "{9B72176A-63AE-4A7B-A1F3-EC60CC613F9D}"
EndProject
Project("{9A19103F-16F7-4668-BE54-9A1E7A4F7556}") = "WebApi", "Presentation\WebApi\WebApi.csproj", "{B90EB3BE-0748-4934-BA80-2551D388C9C5}"
EndProject
Project("{00D1A9C2-B5F0-4AF3-8072-F6C62B433612}") = "WebApiAngularSPA", "Database\WebApiAngularSPA\WebApiAngularSPA.sqlproj", "{2EBB6E7F-6403-4A45-AFF1-5636D55ABED5}"
EndProject
Project("{2150E333-8FDC-42A3-9474-1A3956D46DE8}") = "Infrastructure", "Infrastructure", "{A14B733D-C788-4F1C-A743-863DA84B31E0}"
EndProject
Project("{2150E333-8FDC-42A3-9474-1A3956D46DE8}") = "SQLComparator", "SQLComparator", "{20794683-C566-4359-9E77-FA972214DCC3}"
	ProjectSection(SolutionItems) = preProject
		Database\Infrastructure\SQLComparator\LocalToProject.scmp = Database\Infrastructure\SQLComparator\LocalToProject.scmp
	EndProjectSection
EndProject
Global
	GlobalSection(SolutionConfigurationPlatforms) = preSolution
		Debug|Any CPU = Debug|Any CPU
		Release|Any CPU = Release|Any CPU
	EndGlobalSection
	GlobalSection(ProjectConfigurationPlatforms) = postSolution
		{F0897645-974B-4005-A7B0-337D3686B9AA}.Debug|Any CPU.ActiveCfg = Debug|Any CPU
		{F0897645-974B-4005-A7B0-337D3686B9AA}.Debug|Any CPU.Build.0 = Debug|Any CPU
		{F0897645-974B-4005-A7B0-337D3686B9AA}.Release|Any CPU.ActiveCfg = Release|Any CPU
		{F0897645-974B-4005-A7B0-337D3686B9AA}.Release|Any CPU.Build.0 = Release|Any CPU
		{40CCC7B2-006B-4ECE-99F5-B92E5BCCC767}.Debug|Any CPU.ActiveCfg = Debug|Any CPU
		{40CCC7B2-006B-4ECE-99F5-B92E5BCCC767}.Debug|Any CPU.Build.0 = Debug|Any CPU
		{40CCC7B2-006B-4ECE-99F5-B92E5BCCC767}.Release|Any CPU.ActiveCfg = Release|Any CPU
		{40CCC7B2-006B-4ECE-99F5-B92E5BCCC767}.Release|Any CPU.Build.0 = Release|Any CPU
		{7EF2B6E6-30B9-43A0-8EC2-003C8659703B}.Debug|Any CPU.ActiveCfg = Debug|Any CPU
		{7EF2B6E6-30B9-43A0-8EC2-003C8659703B}.Debug|Any CPU.Build.0 = Debug|Any CPU
		{7EF2B6E6-30B9-43A0-8EC2-003C8659703B}.Release|Any CPU.ActiveCfg = Release|Any CPU
		{7EF2B6E6-30B9-43A0-8EC2-003C8659703B}.Release|Any CPU.Build.0 = Release|Any CPU
		{F3A2907D-509C-45FB-B94A-F42169B65525}.Debug|Any CPU.ActiveCfg = Debug|Any CPU
		{F3A2907D-509C-45FB-B94A-F42169B65525}.Debug|Any CPU.Build.0 = Debug|Any CPU
		{F3A2907D-509C-45FB-B94A-F42169B65525}.Release|Any CPU.ActiveCfg = Release|Any CPU
		{F3A2907D-509C-45FB-B94A-F42169B65525}.Release|Any CPU.Build.0 = Release|Any CPU
		{8422A2EA-BCB9-433B-9213-20B3E665A663}.Debug|Any CPU.ActiveCfg = Debug|Any CPU
		{8422A2EA-BCB9-433B-9213-20B3E665A663}.Debug|Any CPU.Build.0 = Debug|Any CPU
		{8422A2EA-BCB9-433B-9213-20B3E665A663}.Release|Any CPU.ActiveCfg = Release|Any CPU
		{8422A2EA-BCB9-433B-9213-20B3E665A663}.Release|Any CPU.Build.0 = Release|Any CPU
		{DE932AD7-94BB-4DF5-9DCD-E90C551EBDA2}.Debug|Any CPU.ActiveCfg = Debug|Any CPU
		{DE932AD7-94BB-4DF5-9DCD-E90C551EBDA2}.Debug|Any CPU.Build.0 = Debug|Any CPU
		{DE932AD7-94BB-4DF5-9DCD-E90C551EBDA2}.Release|Any CPU.ActiveCfg = Release|Any CPU
		{DE932AD7-94BB-4DF5-9DCD-E90C551EBDA2}.Release|Any CPU.Build.0 = Release|Any CPU
		{73135203-2E13-46B5-BB1F-4255ED67D4A0}.Debug|Any CPU.ActiveCfg = Debug|Any CPU
		{73135203-2E13-46B5-BB1F-4255ED67D4A0}.Debug|Any CPU.Build.0 = Debug|Any CPU
		{73135203-2E13-46B5-BB1F-4255ED67D4A0}.Release|Any CPU.ActiveCfg = Release|Any CPU
		{73135203-2E13-46B5-BB1F-4255ED67D4A0}.Release|Any CPU.Build.0 = Release|Any CPU
		{9B72176A-63AE-4A7B-A1F3-EC60CC613F9D}.Debug|Any CPU.ActiveCfg = Debug|Any CPU
		{9B72176A-63AE-4A7B-A1F3-EC60CC613F9D}.Debug|Any CPU.Build.0 = Debug|Any CPU
		{9B72176A-63AE-4A7B-A1F3-EC60CC613F9D}.Release|Any CPU.ActiveCfg = Release|Any CPU
		{9B72176A-63AE-4A7B-A1F3-EC60CC613F9D}.Release|Any CPU.Build.0 = Release|Any CPU
		{B90EB3BE-0748-4934-BA80-2551D388C9C5}.Debug|Any CPU.ActiveCfg = Debug|Any CPU
		{B90EB3BE-0748-4934-BA80-2551D388C9C5}.Debug|Any CPU.Build.0 = Debug|Any CPU
		{B90EB3BE-0748-4934-BA80-2551D388C9C5}.Release|Any CPU.ActiveCfg = Release|Any CPU
		{B90EB3BE-0748-4934-BA80-2551D388C9C5}.Release|Any CPU.Build.0 = Release|Any CPU
		{2EBB6E7F-6403-4A45-AFF1-5636D55ABED5}.Debug|Any CPU.ActiveCfg = Debug|Any CPU
		{2EBB6E7F-6403-4A45-AFF1-5636D55ABED5}.Debug|Any CPU.Build.0 = Debug|Any CPU
		{2EBB6E7F-6403-4A45-AFF1-5636D55ABED5}.Debug|Any CPU.Deploy.0 = Debug|Any CPU
		{2EBB6E7F-6403-4A45-AFF1-5636D55ABED5}.Release|Any CPU.ActiveCfg = Release|Any CPU
		{2EBB6E7F-6403-4A45-AFF1-5636D55ABED5}.Release|Any CPU.Build.0 = Release|Any CPU
		{2EBB6E7F-6403-4A45-AFF1-5636D55ABED5}.Release|Any CPU.Deploy.0 = Release|Any CPU
	EndGlobalSection
	GlobalSection(SolutionProperties) = preSolution
		HideSolutionNode = FALSE
	EndGlobalSection
	GlobalSection(NestedProjects) = preSolution
		{F0897645-974B-4005-A7B0-337D3686B9AA} = {39F9BCD6-8F3C-43D4-8D8C-6D8CA6C2D54E}
		{40CCC7B2-006B-4ECE-99F5-B92E5BCCC767} = {39F9BCD6-8F3C-43D4-8D8C-6D8CA6C2D54E}
		{7EF2B6E6-30B9-43A0-8EC2-003C8659703B} = {F77E8459-0CAE-435F-87EC-5336E3541206}
		{3648902A-4573-43EC-809E-5D60151FE2F3} = {F77E8459-0CAE-435F-87EC-5336E3541206}
		{F3A2907D-509C-45FB-B94A-F42169B65525} = {3648902A-4573-43EC-809E-5D60151FE2F3}
		{8422A2EA-BCB9-433B-9213-20B3E665A663} = {3648902A-4573-43EC-809E-5D60151FE2F3}
		{DE932AD7-94BB-4DF5-9DCD-E90C551EBDA2} = {E3EDFEBD-22E2-4448-B715-14D6FB15B619}
		{73135203-2E13-46B5-BB1F-4255ED67D4A0} = {BB7A84E4-0E0F-4FF6-9C3A-AA26D5D123CB}
		{9B72176A-63AE-4A7B-A1F3-EC60CC613F9D} = {E3EDFEBD-22E2-4448-B715-14D6FB15B619}
		{B90EB3BE-0748-4934-BA80-2551D388C9C5} = {39F9BCD6-8F3C-43D4-8D8C-6D8CA6C2D54E}
		{2EBB6E7F-6403-4A45-AFF1-5636D55ABED5} = {2F30FA81-5AC9-4D75-AB8D-EB4977901DA8}
		{A14B733D-C788-4F1C-A743-863DA84B31E0} = {2F30FA81-5AC9-4D75-AB8D-EB4977901DA8}
		{20794683-C566-4359-9E77-FA972214DCC3} = {A14B733D-C788-4F1C-A743-863DA84B31E0}
	EndGlobalSection
	GlobalSection(ExtensibilityGlobals) = postSolution
		SolutionGuid = {530F9BBA-11E9-4375-B780-C792373D6244}
	EndGlobalSection
EndGlobal
